
Microsoft Visual Studio Solution File, Format Version 12.00
# Visual Studio Version 17
VisualStudioVersion = 17.11.35222.181
MinimumVisualStudioVersion = 10.0.40219.1
Project("{FAE04EC0-301F-11D3-BF4B-00C04F79EFBC}") = "RengaLookup.Plugin", "RengaLookup.Plugin\RengaLookup.Plugin.csproj", "{61988616-95E3-41FA-B82B-A6D1C15C6EBD}"
EndProject
Project("{FAE04EC0-301F-11D3-BF4B-00C04F79EFBC}") = "RengaLookup.Model", "RengaLookup.Model\RengaLookup.Model.csproj", "{136E64CF-640F-4901-AE2E-E6CC19CB4723}"
EndProject
Project("{FAE04EC0-301F-11D3-BF4B-00C04F79EFBC}") = "RengaLookup.UIControl", "RengaLookup.UIControl\RengaLookup.UIControl.csproj", "{C83B7F47-2BA8-4EFE-B450-28541F10C7C6}"
EndProject
Global
	GlobalSection(SolutionConfigurationPlatforms) = preSolution
		Debug|Any CPU = Debug|Any CPU
		Release|Any CPU = Release|Any CPU
	EndGlobalSection
	GlobalSection(ProjectConfigurationPlatforms) = postSolution
		{61988616-95E3-41FA-B82B-A6D1C15C6EBD}.Debug|Any CPU.ActiveCfg = Debug|Any CPU
		{61988616-95E3-41FA-B82B-A6D1C15C6EBD}.Debug|Any CPU.Build.0 = Debug|Any CPU
		{61988616-95E3-41FA-B82B-A6D1C15C6EBD}.Release|Any CPU.ActiveCfg = Release|Any CPU
		{61988616-95E3-41FA-B82B-A6D1C15C6EBD}.Release|Any CPU.Build.0 = Release|Any CPU
		{136E64CF-640F-4901-AE2E-E6CC19CB4723}.Debug|Any CPU.ActiveCfg = Debug|Any CPU
		{136E64CF-640F-4901-AE2E-E6CC19CB4723}.Debug|Any CPU.Build.0 = Debug|Any CPU
		{136E64CF-640F-4901-AE2E-E6CC19CB4723}.Release|Any CPU.ActiveCfg = Release|Any CPU
		{136E64CF-640F-4901-AE2E-E6CC19CB4723}.Release|Any CPU.Build.0 = Release|Any CPU
		{C83B7F47-2BA8-4EFE-B450-28541F10C7C6}.Debug|Any CPU.ActiveCfg = Debug|Any CPU
		{C83B7F47-2BA8-4EFE-B450-28541F10C7C6}.Debug|Any CPU.Build.0 = Debug|Any CPU
		{C83B7F47-2BA8-4EFE-B450-28541F10C7C6}.Release|Any CPU.ActiveCfg = Release|Any CPU
		{C83B7F47-2BA8-4EFE-B450-28541F10C7C6}.Release|Any CPU.Build.0 = Release|Any CPU
	EndGlobalSection
	GlobalSection(SolutionProperties) = preSolution
		HideSolutionNode = FALSE
	EndGlobalSection
	GlobalSection(ExtensibilityGlobals) = postSolution
		SolutionGuid = {D18192AE-8AF3-49BB-A813-D0818A11AAC7}
	EndGlobalSection
EndGlobal
