
Microsoft Visual Studio Solution File, Format Version 12.00
# Visual Studio Version 17
VisualStudioVersion = 17.11.35222.181
MinimumVisualStudioVersion = 10.0.40219.1
Project("{9A19103F-16F7-4668-BE54-9A1E7A4F7556}") = "RengaLookup.Plugin", "RengaLookup.Plugin\RengaLookup.Plugin.csproj", "{1996D218-1768-4F91-80C7-D4185ED1C761}"
EndProject
Global
	GlobalSection(SolutionConfigurationPlatforms) = preSolution
		Debug|Any CPU = Debug|Any CPU
		Release|Any CPU = Release|Any CPU
	EndGlobalSection
	GlobalSection(ProjectConfigurationPlatforms) = postSolution
		{1996D218-1768-4F91-80C7-D4185ED1C761}.Debug|Any CPU.ActiveCfg = Debug|Any CPU
		{1996D218-1768-4F91-80C7-D4185ED1C761}.Debug|Any CPU.Build.0 = Debug|Any CPU
		{1996D218-1768-4F91-80C7-D4185ED1C761}.Release|Any CPU.ActiveCfg = Release|Any CPU
		{1996D218-1768-4F91-80C7-D4185ED1C761}.Release|Any CPU.Build.0 = Release|Any CPU
	EndGlobalSection
	GlobalSection(SolutionProperties) = preSolution
		HideSolutionNode = FALSE
	EndGlobalSection
	GlobalSection(ExtensibilityGlobals) = postSolution
		SolutionGuid = {D18192AE-8AF3-49BB-A813-D0818A11AAC7}
	EndGlobalSection
EndGlobal
