
Microsoft Visual Studio Solution File, Format Version 12.00
# Visual Studio Version 17
VisualStudioVersion = 17.11.35222.181
MinimumVisualStudioVersion = 10.0.40219.1
Project("{9A19103F-16F7-4668-BE54-9A1E7A4F7556}") = "RengaLookup.Plugin", "RengaLookup.Plugin\RengaLookup.Plugin.csproj", "{1996D218-1768-4F91-80C7-D4185ED1C761}"
EndProject
Project("{FAE04EC0-301F-11D3-BF4B-00C04F79EFBC}") = "RengaLookup.Plugin2", "RengaLookup.Plugin2\RengaLookup.Plugin2.csproj", "{61988616-95E3-41FA-B82B-A6D1C15C6EBD}"
EndProject
Project("{FAE04EC0-301F-11D3-BF4B-00C04F79EFBC}") = "RengaLookup.UI", "RengaLookup.UI\RengaLookup.UI.csproj", "{80070A4D-510F-4BD2-9023-10600F269959}"
EndProject
Global
	GlobalSection(SolutionConfigurationPlatforms) = preSolution
		Debug|Any CPU = Debug|Any CPU
		Release|Any CPU = Release|Any CPU
	EndGlobalSection
	GlobalSection(ProjectConfigurationPlatforms) = postSolution
		{1996D218-1768-4F91-80C7-D4185ED1C761}.Debug|Any CPU.ActiveCfg = Debug|Any CPU
		{1996D218-1768-4F91-80C7-D4185ED1C761}.Debug|Any CPU.Build.0 = Debug|Any CPU
		{1996D218-1768-4F91-80C7-D4185ED1C761}.Release|Any CPU.ActiveCfg = Release|Any CPU
		{1996D218-1768-4F91-80C7-D4185ED1C761}.Release|Any CPU.Build.0 = Release|Any CPU
		{61988616-95E3-41FA-B82B-A6D1C15C6EBD}.Debug|Any CPU.ActiveCfg = Debug|Any CPU
		{61988616-95E3-41FA-B82B-A6D1C15C6EBD}.Debug|Any CPU.Build.0 = Debug|Any CPU
		{61988616-95E3-41FA-B82B-A6D1C15C6EBD}.Release|Any CPU.ActiveCfg = Release|Any CPU
		{61988616-95E3-41FA-B82B-A6D1C15C6EBD}.Release|Any CPU.Build.0 = Release|Any CPU
		{80070A4D-510F-4BD2-9023-10600F269959}.Debug|Any CPU.ActiveCfg = Debug|Any CPU
		{80070A4D-510F-4BD2-9023-10600F269959}.Debug|Any CPU.Build.0 = Debug|Any CPU
		{80070A4D-510F-4BD2-9023-10600F269959}.Release|Any CPU.ActiveCfg = Release|Any CPU
		{80070A4D-510F-4BD2-9023-10600F269959}.Release|Any CPU.Build.0 = Release|Any CPU
	EndGlobalSection
	GlobalSection(SolutionProperties) = preSolution
		HideSolutionNode = FALSE
	EndGlobalSection
	GlobalSection(ExtensibilityGlobals) = postSolution
		SolutionGuid = {D18192AE-8AF3-49BB-A813-D0818A11AAC7}
	EndGlobalSection
EndGlobal
